{
  "nodes": {
    "nixpkgs": {
      "locked": {
        "lastModified": 1751305234,
        "narHash": "sha256-1feRbFFeG5LyjN16PrtkNbPtOFChwr9Rr6R0xiEtkHU=",
        "owner": "nixos",
        "repo": "nixpkgs",
        "rev": "535b60b189facb1dc50a169df8dfdd9c13b94023",
        "type": "github"
      },
      "original": {
        "owner": "nixos",
        "repo": "nixpkgs",
        "type": "github"
      }
    },
    "root": {
      "inputs": {
        "nixpkgs": "nixpkgs"
      }
    }
  },
  "root": "root",
  "version": 7
}
